
Microsoft Visual Studio Solution File, Format Version 12.00
# Visual Studio Version 17
VisualStudioVersion = 17.4.33213.308
MinimumVisualStudioVersion = 10.0.40219.1
Project("{FAE04EC0-301F-11D3-BF4B-00C04F79EFBC}") = "CardGame", "CardGame\CardGame.csproj", "{335851AE-C4C5-405A-8C02-E38DC6079C29}"
EndProject
Global
	GlobalSection(SolutionConfigurationPlatforms) = preSolution
		Debug|Any CPU = Debug|Any CPU
		Release|Any CPU = Release|Any CPU
	EndGlobalSection
	GlobalSection(ProjectConfigurationPlatforms) = postSolution
		{335851AE-C4C5-405A-8C02-E38DC6079C29}.Debug|Any CPU.ActiveCfg = Debug|Any CPU
		{335851AE-C4C5-405A-8C02-E38DC6079C29}.Debug|Any CPU.Build.0 = Debug|Any CPU
		{335851AE-C4C5-405A-8C02-E38DC6079C29}.Release|Any CPU.ActiveCfg = Release|Any CPU
		{335851AE-C4C5-405A-8C02-E38DC6079C29}.Release|Any CPU.Build.0 = Release|Any CPU
	EndGlobalSection
	GlobalSection(SolutionProperties) = preSolution
		HideSolutionNode = FALSE
	EndGlobalSection
	GlobalSection(ExtensibilityGlobals) = postSolution
		SolutionGuid = {A4A110DD-494A-47AF-BDC2-A53D79B5FBC4}
	EndGlobalSection
EndGlobal
